<Solution>
  <Project Path="src\Bootstrapper\Haggly.Api\Haggly.Api.csproj" />
  <Project Path="src\BuildingBlocks\Haggly.SharedKernel\Haggly.SharedKernel.csproj" />
  <Project Path="src\BuildingBlocks\Haggly.Application.Abstractions\Haggly.Application.Abstractions.csproj" />
  <Project Path="src\BuildingBlocks\Haggly.Infrastructure\Haggly.Infrastructure.csproj" />
  <Project Path="src\BuildingBlocks\Haggly.Contracts\Haggly.Contracts.csproj" />
  <Project Path="src\Modules\Identity\Haggly.Modules.Identity.Domain\Haggly.Modules.Identity.Domain.csproj" />
  <Project Path="src\Modules\Identity\Haggly.Modules.Identity.Application\Haggly.Modules.Identity.Application.csproj" />
  <Project Path="src\Modules\Identity\Haggly.Modules.Identity.Infrastructure\Haggly.Modules.Identity.Infrastructure.csproj" />
  <Project Path="src\Modules\Identity\Haggly.Modules.Identity.Presentation\Haggly.Modules.Identity.Presentation.csproj" />
  <Project Path="src\Modules\Identity\Haggly.Modules.Identity.Contracts\Haggly.Modules.Identity.Contracts.csproj" />
  <Project Path="src\Modules\MarketManagement\Haggly.Modules.MarketManagement.Domain\Haggly.Modules.MarketManagement.Domain.csproj" />
  <Project Path="src\Modules\MarketManagement\Haggly.Modules.MarketManagement.Application\Haggly.Modules.MarketManagement.Application.csproj" />
  <Project Path="src\Modules\MarketManagement\Haggly.Modules.MarketManagement.Infrastructure\Haggly.Modules.MarketManagement.Infrastructure.csproj" />
  <Project Path="src\Modules\MarketManagement\Haggly.Modules.MarketManagement.Presentation\Haggly.Modules.MarketManagement.Presentation.csproj" />
  <Project Path="src\Modules\MarketManagement\Haggly.Modules.MarketManagement.Contracts\Haggly.Modules.MarketManagement.Contracts.csproj" />
  <Project Path="src\Modules\Catalog\Haggly.Modules.Catalog.Domain\Haggly.Modules.Catalog.Domain.csproj" />
  <Project Path="src\Modules\Catalog\Haggly.Modules.Catalog.Application\Haggly.Modules.Catalog.Application.csproj" />
  <Project Path="src\Modules\Catalog\Haggly.Modules.Catalog.Infrastructure\Haggly.Modules.Catalog.Infrastructure.csproj" />
  <Project Path="src\Modules\Catalog\Haggly.Modules.Catalog.Presentation\Haggly.Modules.Catalog.Presentation.csproj" />
  <Project Path="src\Modules\Catalog\Haggly.Modules.Catalog.Contracts\Haggly.Modules.Catalog.Contracts.csproj" />
  <Project Path="src\Modules\Inventory\Haggly.Modules.Inventory.Domain\Haggly.Modules.Inventory.Domain.csproj" />
  <Project Path="src\Modules\Inventory\Haggly.Modules.Inventory.Application\Haggly.Modules.Inventory.Application.csproj" />
  <Project Path="src\Modules\Inventory\Haggly.Modules.Inventory.Infrastructure\Haggly.Modules.Inventory.Infrastructure.csproj" />
  <Project Path="src\Modules\Inventory\Haggly.Modules.Inventory.Presentation\Haggly.Modules.Inventory.Presentation.csproj" />
  <Project Path="src\Modules\Inventory\Haggly.Modules.Inventory.Contracts\Haggly.Modules.Inventory.Contracts.csproj" />
  <Project Path="src\Modules\Sales\Haggly.Modules.Sales.Domain\Haggly.Modules.Sales.Domain.csproj" />
  <Project Path="src\Modules\Sales\Haggly.Modules.Sales.Application\Haggly.Modules.Sales.Application.csproj" />
  <Project Path="src\Modules\Sales\Haggly.Modules.Sales.Infrastructure\Haggly.Modules.Sales.Infrastructure.csproj" />
  <Project Path="src\Modules\Sales\Haggly.Modules.Sales.Presentation\Haggly.Modules.Sales.Presentation.csproj" />
  <Project Path="src\Modules\Sales\Haggly.Modules.Sales.Contracts\Haggly.Modules.Sales.Contracts.csproj" />
  <Project Path="src\Modules\Payments\Haggly.Modules.Payments.Domain\Haggly.Modules.Payments.Domain.csproj" />
  <Project Path="src\Modules\Payments\Haggly.Modules.Payments.Application\Haggly.Modules.Payments.Application.csproj" />
  <Project Path="src\Modules\Payments\Haggly.Modules.Payments.Infrastructure\Haggly.Modules.Payments.Infrastructure.csproj" />
  <Project Path="src\Modules\Payments\Haggly.Modules.Payments.Presentation\Haggly.Modules.Payments.Presentation.csproj" />
  <Project Path="src\Modules\Payments\Haggly.Modules.Payments.Contracts\Haggly.Modules.Payments.Contracts.csproj" />
  <Project Path="src\Modules\Finance\Haggly.Modules.Finance.Domain\Haggly.Modules.Finance.Domain.csproj" />
  <Project Path="src\Modules\Finance\Haggly.Modules.Finance.Application\Haggly.Modules.Finance.Application.csproj" />
  <Project Path="src\Modules\Finance\Haggly.Modules.Finance.Infrastructure\Haggly.Modules.Finance.Infrastructure.csproj" />
  <Project Path="src\Modules\Finance\Haggly.Modules.Finance.Presentation\Haggly.Modules.Finance.Presentation.csproj" />
  <Project Path="src\Modules\Finance\Haggly.Modules.Finance.Contracts\Haggly.Modules.Finance.Contracts.csproj" />
  <Project Path="tests\Haggly.ArchitectureTests\Haggly.ArchitectureTests.csproj" />
  <Project Path="tests\Haggly.EndToEndTests\Haggly.EndToEndTests.csproj" />
  <Project Path="tests\Modules\Inventory\Haggly.Modules.Inventory.Domain.Tests\Haggly.Modules.Inventory.Domain.Tests.csproj" />
  <Project Path="tests\Modules\Inventory\Haggly.Modules.Inventory.Application.Tests\Haggly.Modules.Inventory.Application.Tests.csproj" />
  <Project Path="tests\Modules\Inventory\Haggly.Modules.Inventory.IntegrationTests\Haggly.Modules.Inventory.IntegrationTests.csproj" />
  <Project Path="tests\Modules\Inventory\Haggly.Modules.Inventory.Api.Tests\Haggly.Modules.Inventory.Api.Tests.csproj" />
  <Project Path="tests\Modules\Sales\Haggly.Modules.Sales.Domain.Tests\Haggly.Modules.Sales.Domain.Tests.csproj" />
  <Project Path="tests\Modules\Sales\Haggly.Modules.Sales.Application.Tests\Haggly.Modules.Sales.Application.Tests.csproj" />
  <Project Path="tests\Modules\Sales\Haggly.Modules.Sales.IntegrationTests\Haggly.Modules.Sales.IntegrationTests.csproj" />
  <Project Path="tests\Modules\Sales\Haggly.Modules.Sales.Api.Tests\Haggly.Modules.Sales.Api.Tests.csproj" />
</Solution>
