<Solution>
  <Project Path="src\Haggly.Domain\Haggly.Domain.csproj" />
  <Project Path="src\Haggly.Application\Haggly.Application.csproj" />
  <Project Path="src\Haggly.Infrastructure\Haggly.Infrastructure.csproj" />
  <Project Path="src\Haggly.Api\Haggly.Api.csproj" />
  <Project Path="tests\Haggly.UnitTests\Haggly.UnitTests.csproj" />
  <Project Path="tests\Haggly.IntegrationTests\Haggly.IntegrationTests.csproj" />
  <Project Path="tests\Haggly.ArchitectureTests\Haggly.ArchitectureTests.csproj" />
</Solution>
